
Microsoft Visual Studio Solution File, Format Version 12.00
# Visual Studio Version 16
VisualStudioVersion = 25.0.1704.3
MinimumVisualStudioVersion = 10.0.40219.1
Project("{FAE04EC0-301F-11D3-BF4B-00C04F79EFBC}") = "todo-list", "todo-list\todo-list.csproj", "{8EB161EF-E09B-4A1F-AB65-647EB4F60CC0}"
EndProject
Project("{FAE04EC0-301F-11D3-BF4B-00C04F79EFBC}") = "todo-list-unit-testing", "todo-list-unit-testing\todo-list-unit-testing.csproj", "{ACD389DB-B4ED-4CC2-877F-D4CBB3CB9D81}"
EndProject
Global
	GlobalSection(SolutionConfigurationPlatforms) = preSolution
		Debug|Any CPU = Debug|Any CPU
		Release|Any CPU = Release|Any CPU
	EndGlobalSection
	GlobalSection(ProjectConfigurationPlatforms) = postSolution
		{8EB161EF-E09B-4A1F-AB65-647EB4F60CC0}.Debug|Any CPU.ActiveCfg = Debug|Any CPU
		{8EB161EF-E09B-4A1F-AB65-647EB4F60CC0}.Debug|Any CPU.Build.0 = Debug|Any CPU
		{8EB161EF-E09B-4A1F-AB65-647EB4F60CC0}.Release|Any CPU.ActiveCfg = Release|Any CPU
		{8EB161EF-E09B-4A1F-AB65-647EB4F60CC0}.Release|Any CPU.Build.0 = Release|Any CPU
		{ACD389DB-B4ED-4CC2-877F-D4CBB3CB9D81}.Debug|Any CPU.ActiveCfg = Debug|Any CPU
		{ACD389DB-B4ED-4CC2-877F-D4CBB3CB9D81}.Debug|Any CPU.Build.0 = Debug|Any CPU
		{ACD389DB-B4ED-4CC2-877F-D4CBB3CB9D81}.Release|Any CPU.ActiveCfg = Release|Any CPU
		{ACD389DB-B4ED-4CC2-877F-D4CBB3CB9D81}.Release|Any CPU.Build.0 = Release|Any CPU
	EndGlobalSection
	GlobalSection(SolutionProperties) = preSolution
		HideSolutionNode = FALSE
	EndGlobalSection
	GlobalSection(ExtensibilityGlobals) = postSolution
		SolutionGuid = {68B23B60-431A-4B94-8C1B-90A8FF69E14B}
	EndGlobalSection
EndGlobal
